
Microsoft Visual Studio Solution File, Format Version 12.00
# Visual Studio Version 17
VisualStudioVersion = 17.14.37027.9 d17.14
MinimumVisualStudioVersion = 10.0.40219.1
Project("{8BC9CEB8-8B4A-11D0-8D11-00A0C91BC942}") = "Varianta7", "Varianta7.vcxproj", "{FEC07B04-84AD-4D2E-AA40-87606049C204}"
EndProject
Global
	GlobalSection(SolutionConfigurationPlatforms) = preSolution
		Debug|x64 = Debug|x64
		Debug|x86 = Debug|x86
		Release|x64 = Release|x64
		Release|x86 = Release|x86
	EndGlobalSection
	GlobalSection(ProjectConfigurationPlatforms) = postSolution
		{FEC07B04-84AD-4D2E-AA40-87606049C204}.Debug|x64.ActiveCfg = Debug|x64
		{FEC07B04-84AD-4D2E-AA40-87606049C204}.Debug|x64.Build.0 = Debug|x64
		{FEC07B04-84AD-4D2E-AA40-87606049C204}.Debug|x86.ActiveCfg = Debug|Win32
		{FEC07B04-84AD-4D2E-AA40-87606049C204}.Debug|x86.Build.0 = Debug|Win32
		{FEC07B04-84AD-4D2E-AA40-87606049C204}.Release|x64.ActiveCfg = Release|x64
		{FEC07B04-84AD-4D2E-AA40-87606049C204}.Release|x64.Build.0 = Release|x64
		{FEC07B04-84AD-4D2E-AA40-87606049C204}.Release|x86.ActiveCfg = Release|Win32
		{FEC07B04-84AD-4D2E-AA40-87606049C204}.Release|x86.Build.0 = Release|Win32
	EndGlobalSection
	GlobalSection(SolutionProperties) = preSolution
		HideSolutionNode = FALSE
	EndGlobalSection
	GlobalSection(ExtensibilityGlobals) = postSolution
		SolutionGuid = {5BAAB07B-CB17-454A-AF9E-06756DCE413F}
	EndGlobalSection
EndGlobal
